
Microsoft Visual Studio Solution File, Format Version 12.00
# Visual Studio Version 17
VisualStudioVersion = 17.0.32112.339
MinimumVisualStudioVersion = 10.0.40219.1
Project("{FAE04EC0-301F-11D3-BF4B-00C04F79EFBC}") = "MVCApp", "MVCApp\MVCApp.csproj", "{D725531D-9FDD-4D2F-A95D-0726A9681097}"
EndProject
Global
	GlobalSection(SolutionConfigurationPlatforms) = preSolution
		Debug|Any CPU = Debug|Any CPU
		Release|Any CPU = Release|Any CPU
	EndGlobalSection
	GlobalSection(ProjectConfigurationPlatforms) = postSolution
		{D725531D-9FDD-4D2F-A95D-0726A9681097}.Debug|Any CPU.ActiveCfg = Debug|Any CPU
		{D725531D-9FDD-4D2F-A95D-0726A9681097}.Debug|Any CPU.Build.0 = Debug|Any CPU
		{D725531D-9FDD-4D2F-A95D-0726A9681097}.Release|Any CPU.ActiveCfg = Release|Any CPU
		{D725531D-9FDD-4D2F-A95D-0726A9681097}.Release|Any CPU.Build.0 = Release|Any CPU
	EndGlobalSection
	GlobalSection(SolutionProperties) = preSolution
		HideSolutionNode = FALSE
	EndGlobalSection
	GlobalSection(ExtensibilityGlobals) = postSolution
		SolutionGuid = {F2B3E834-5365-4781-B7D0-58C96A5D115D}
	EndGlobalSection
EndGlobal
